
Microsoft Visual Studio Solution File, Format Version 12.00
# Visual Studio Version 16
VisualStudioVersion = 16.0.29230.47
MinimumVisualStudioVersion = 10.0.40219.1
Project("{FAE04EC0-301F-11D3-BF4B-00C04F79EFBC}") = "Belajar8", "Belajar8.csproj", "{DEABF106-076E-4DC1-A78A-38B3FF5C97F1}"
EndProject
Global
	GlobalSection(SolutionConfigurationPlatforms) = preSolution
		Debug|Any CPU = Debug|Any CPU
		Release|Any CPU = Release|Any CPU
	EndGlobalSection
	GlobalSection(ProjectConfigurationPlatforms) = postSolution
		{DEABF106-076E-4DC1-A78A-38B3FF5C97F1}.Debug|Any CPU.ActiveCfg = Debug|Any CPU
		{DEABF106-076E-4DC1-A78A-38B3FF5C97F1}.Debug|Any CPU.Build.0 = Debug|Any CPU
		{DEABF106-076E-4DC1-A78A-38B3FF5C97F1}.Release|Any CPU.ActiveCfg = Release|Any CPU
		{DEABF106-076E-4DC1-A78A-38B3FF5C97F1}.Release|Any CPU.Build.0 = Release|Any CPU
	EndGlobalSection
	GlobalSection(SolutionProperties) = preSolution
		HideSolutionNode = FALSE
	EndGlobalSection
	GlobalSection(ExtensibilityGlobals) = postSolution
		SolutionGuid = {29D9F35E-435F-4657-905D-7B908E720620}
	EndGlobalSection
EndGlobal
