
Microsoft Visual Studio Solution File, Format Version 12.00
# Visual Studio Version 16
VisualStudioVersion = 16.0.29230.47
MinimumVisualStudioVersion = 10.0.40219.1
Project("{FAE04EC0-301F-11D3-BF4B-00C04F79EFBC}") = "Belajar9", "Belajar9.csproj", "{9A7C7634-7925-4A9D-ABAC-E8B002DD226E}"
EndProject
Global
	GlobalSection(SolutionConfigurationPlatforms) = preSolution
		Debug|Any CPU = Debug|Any CPU
		Release|Any CPU = Release|Any CPU
	EndGlobalSection
	GlobalSection(ProjectConfigurationPlatforms) = postSolution
		{9A7C7634-7925-4A9D-ABAC-E8B002DD226E}.Debug|Any CPU.ActiveCfg = Debug|Any CPU
		{9A7C7634-7925-4A9D-ABAC-E8B002DD226E}.Debug|Any CPU.Build.0 = Debug|Any CPU
		{9A7C7634-7925-4A9D-ABAC-E8B002DD226E}.Release|Any CPU.ActiveCfg = Release|Any CPU
		{9A7C7634-7925-4A9D-ABAC-E8B002DD226E}.Release|Any CPU.Build.0 = Release|Any CPU
	EndGlobalSection
	GlobalSection(SolutionProperties) = preSolution
		HideSolutionNode = FALSE
	EndGlobalSection
	GlobalSection(ExtensibilityGlobals) = postSolution
		SolutionGuid = {36DDDBD8-936B-4CF5-9C20-314B0D01DCAE}
	EndGlobalSection
EndGlobal
