
Microsoft Visual Studio Solution File, Format Version 12.00
# Visual Studio Version 16
VisualStudioVersion = 16.0.29123.88
MinimumVisualStudioVersion = 10.0.40219.1
Project("{FAE04EC0-301F-11D3-BF4B-00C04F79EFBC}") = "EmployeeManagement", "EmployeeManagement.csproj", "{E60D222A-1646-4D61-8929-88BC82DB8C2F}"
EndProject
Global
	GlobalSection(SolutionConfigurationPlatforms) = preSolution
		Debug|Any CPU = Debug|Any CPU
		Release|Any CPU = Release|Any CPU
	EndGlobalSection
	GlobalSection(ProjectConfigurationPlatforms) = postSolution
		{E60D222A-1646-4D61-8929-88BC82DB8C2F}.Debug|Any CPU.ActiveCfg = Debug|Any CPU
		{E60D222A-1646-4D61-8929-88BC82DB8C2F}.Debug|Any CPU.Build.0 = Debug|Any CPU
		{E60D222A-1646-4D61-8929-88BC82DB8C2F}.Release|Any CPU.ActiveCfg = Release|Any CPU
		{E60D222A-1646-4D61-8929-88BC82DB8C2F}.Release|Any CPU.Build.0 = Release|Any CPU
	EndGlobalSection
	GlobalSection(SolutionProperties) = preSolution
		HideSolutionNode = FALSE
	EndGlobalSection
	GlobalSection(ExtensibilityGlobals) = postSolution
		SolutionGuid = {DF223EBD-9C72-4988-9386-EFFBF443AC42}
	EndGlobalSection
EndGlobal
